
Microsoft Visual Studio Solution File, Format Version 12.00
# Visual Studio Version 17
VisualStudioVersion = 17.8.34330.188
MinimumVisualStudioVersion = 10.0.40219.1
Project("{9A19103F-16F7-4668-BE54-9A1E7A4F7556}") = "Pechi", "Pechi\Pechi.csproj", "{5ED4893C-A0FA-43E1-BD7A-B579887E3AC7}"
EndProject
Project("{FAE04EC0-301F-11D3-BF4B-00C04F79EFBC}") = "CalculationLibrary", "CalculationLibrary\CalculationLibrary.csproj", "{53CA0D84-B400-47FE-BC59-B6ABCF0285A8}"
EndProject
Global
	GlobalSection(SolutionConfigurationPlatforms) = preSolution
		Debug|Any CPU = Debug|Any CPU
		Release|Any CPU = Release|Any CPU
	EndGlobalSection
	GlobalSection(ProjectConfigurationPlatforms) = postSolution
		{5ED4893C-A0FA-43E1-BD7A-B579887E3AC7}.Debug|Any CPU.ActiveCfg = Debug|Any CPU
		{5ED4893C-A0FA-43E1-BD7A-B579887E3AC7}.Debug|Any CPU.Build.0 = Debug|Any CPU
		{5ED4893C-A0FA-43E1-BD7A-B579887E3AC7}.Release|Any CPU.ActiveCfg = Release|Any CPU
		{5ED4893C-A0FA-43E1-BD7A-B579887E3AC7}.Release|Any CPU.Build.0 = Release|Any CPU
		{53CA0D84-B400-47FE-BC59-B6ABCF0285A8}.Debug|Any CPU.ActiveCfg = Debug|Any CPU
		{53CA0D84-B400-47FE-BC59-B6ABCF0285A8}.Debug|Any CPU.Build.0 = Debug|Any CPU
		{53CA0D84-B400-47FE-BC59-B6ABCF0285A8}.Release|Any CPU.ActiveCfg = Release|Any CPU
		{53CA0D84-B400-47FE-BC59-B6ABCF0285A8}.Release|Any CPU.Build.0 = Release|Any CPU
	EndGlobalSection
	GlobalSection(SolutionProperties) = preSolution
		HideSolutionNode = FALSE
	EndGlobalSection
	GlobalSection(ExtensibilityGlobals) = postSolution
		SolutionGuid = {59D8B96B-24FD-4C11-BC73-9D44CD5AB702}
	EndGlobalSection
EndGlobal
